
Microsoft Visual Studio Solution File, Format Version 12.00
# Visual Studio 15
VisualStudioVersion = 15.0.27428.2005
MinimumVisualStudioVersion = 10.0.40219.1
Project("{FAE04EC0-301F-11D3-BF4B-00C04F79EFBC}") = "App1.Android", "App1\App1.Android\App1.Android.csproj", "{6CA01C82-D657-4404-B776-5C6E29829CF3}"
EndProject
Project("{FAE04EC0-301F-11D3-BF4B-00C04F79EFBC}") = "App1.iOS", "App1\App1.iOS\App1.iOS.csproj", "{DF950668-B9E5-45C1-AAC3-F3FB346D5792}"
EndProject
Project("{FAE04EC0-301F-11D3-BF4B-00C04F79EFBC}") = "App1.UWP", "App1\App1.UWP\App1.UWP.csproj", "{542EA0C8-EDCA-437D-ACBF-EDE30C4AD5EA}"
EndProject
Project("{D954291E-2A0B-460D-934E-DC6B0785DB48}") = "App1", "App1\App1\App1.shproj", "{2CD0D44E-0748-4C15-82C4-0CC2F65F2294}"
EndProject
Global
	GlobalSection(SharedMSBuildProjectFiles) = preSolution
		App1\App1\App1.projitems*{2cd0d44e-0748-4c15-82c4-0cc2f65f2294}*SharedItemsImports = 13
		App1\App1\App1.projitems*{542ea0c8-edca-437d-acbf-ede30c4ad5ea}*SharedItemsImports = 4
		App1\App1\App1.projitems*{6ca01c82-d657-4404-b776-5c6e29829cf3}*SharedItemsImports = 4
		App1\App1\App1.projitems*{df950668-b9e5-45c1-aac3-f3fb346d5792}*SharedItemsImports = 4
	EndGlobalSection
	GlobalSection(SolutionConfigurationPlatforms) = preSolution
		Ad-Hoc|Any CPU = Ad-Hoc|Any CPU
		Ad-Hoc|ARM = Ad-Hoc|ARM
		Ad-Hoc|iPhone = Ad-Hoc|iPhone
		Ad-Hoc|iPhoneSimulator = Ad-Hoc|iPhoneSimulator
		Ad-Hoc|x64 = Ad-Hoc|x64
		Ad-Hoc|x86 = Ad-Hoc|x86
		AppStore|Any CPU = AppStore|Any CPU
		AppStore|ARM = AppStore|ARM
		AppStore|iPhone = AppStore|iPhone
		AppStore|iPhoneSimulator = AppStore|iPhoneSimulator
		AppStore|x64 = AppStore|x64
		AppStore|x86 = AppStore|x86
		Debug|Any CPU = Debug|Any CPU
		Debug|ARM = Debug|ARM
		Debug|iPhone = Debug|iPhone
		Debug|iPhoneSimulator = Debug|iPhoneSimulator
		Debug|x64 = Debug|x64
		Debug|x86 = Debug|x86
		Release|Any CPU = Release|Any CPU
		Release|ARM = Release|ARM
		Release|iPhone = Release|iPhone
		Release|iPhoneSimulator = Release|iPhoneSimulator
		Release|x64 = Release|x64
		Release|x86 = Release|x86
	EndGlobalSection
	GlobalSection(ProjectConfigurationPlatforms) = postSolution
		{6CA01C82-D657-4404-B776-5C6E29829CF3}.Ad-Hoc|Any CPU.ActiveCfg = Release|Any CPU
		{6CA01C82-D657-4404-B776-5C6E29829CF3}.Ad-Hoc|Any CPU.Build.0 = Release|Any CPU
		{6CA01C82-D657-4404-B776-5C6E29829CF3}.Ad-Hoc|Any CPU.Deploy.0 = Release|Any CPU
		{6CA01C82-D657-4404-B776-5C6E29829CF3}.Ad-Hoc|ARM.ActiveCfg = Release|Any CPU
		{6CA01C82-D657-4404-B776-5C6E29829CF3}.Ad-Hoc|ARM.Build.0 = Release|Any CPU
		{6CA01C82-D657-4404-B776-5C6E29829CF3}.Ad-Hoc|ARM.Deploy.0 = Release|Any CPU
		{6CA01C82-D657-4404-B776-5C6E29829CF3}.Ad-Hoc|iPhone.ActiveCfg = Release|Any CPU
		{6CA01C82-D657-4404-B776-5C6E29829CF3}.Ad-Hoc|iPhone.Build.0 = Release|Any CPU
		{6CA01C82-D657-4404-B776-5C6E29829CF3}.Ad-Hoc|iPhone.Deploy.0 = Release|Any CPU
		{6CA01C82-D657-4404-B776-5C6E29829CF3}.Ad-Hoc|iPhoneSimulator.ActiveCfg = Release|Any CPU
		{6CA01C82-D657-4404-B776-5C6E29829CF3}.Ad-Hoc|iPhoneSimulator.Build.0 = Release|Any CPU
		{6CA01C82-D657-4404-B776-5C6E29829CF3}.Ad-Hoc|iPhoneSimulator.Deploy.0 = Release|Any CPU
		{6CA01C82-D657-4404-B776-5C6E29829CF3}.Ad-Hoc|x64.ActiveCfg = Release|Any CPU
		{6CA01C82-D657-4404-B776-5C6E29829CF3}.Ad-Hoc|x64.Build.0 = Release|Any CPU
		{6CA01C82-D657-4404-B776-5C6E29829CF3}.Ad-Hoc|x64.Deploy.0 = Release|Any CPU
		{6CA01C82-D657-4404-B776-5C6E29829CF3}.Ad-Hoc|x86.ActiveCfg = Release|Any CPU
		{6CA01C82-D657-4404-B776-5C6E29829CF3}.Ad-Hoc|x86.Build.0 = Release|Any CPU
		{6CA01C82-D657-4404-B776-5C6E29829CF3}.Ad-Hoc|x86.Deploy.0 = Release|Any CPU
		{6CA01C82-D657-4404-B776-5C6E29829CF3}.AppStore|Any CPU.ActiveCfg = Release|Any CPU
		{6CA01C82-D657-4404-B776-5C6E29829CF3}.AppStore|Any CPU.Build.0 = Release|Any CPU
		{6CA01C82-D657-4404-B776-5C6E29829CF3}.AppStore|Any CPU.Deploy.0 = Release|Any CPU
		{6CA01C82-D657-4404-B776-5C6E29829CF3}.AppStore|ARM.ActiveCfg = Release|Any CPU
		{6CA01C82-D657-4404-B776-5C6E29829CF3}.AppStore|ARM.Build.0 = Release|Any CPU
		{6CA01C82-D657-4404-B776-5C6E29829CF3}.AppStore|ARM.Deploy.0 = Release|Any CPU
		{6CA01C82-D657-4404-B776-5C6E29829CF3}.AppStore|iPhone.ActiveCfg = Release|Any CPU
		{6CA01C82-D657-4404-B776-5C6E29829CF3}.AppStore|iPhone.Build.0 = Release|Any CPU
		{6CA01C82-D657-4404-B776-5C6E29829CF3}.AppStore|iPhone.Deploy.0 = Release|Any CPU
		{6CA01C82-D657-4404-B776-5C6E29829CF3}.AppStore|iPhoneSimulator.ActiveCfg = Release|Any CPU
		{6CA01C82-D657-4404-B776-5C6E29829CF3}.AppStore|iPhoneSimulator.Build.0 = Release|Any CPU
		{6CA01C82-D657-4404-B776-5C6E29829CF3}.AppStore|iPhoneSimulator.Deploy.0 = Release|Any CPU
		{6CA01C82-D657-4404-B776-5C6E29829CF3}.AppStore|x64.ActiveCfg = Release|Any CPU
		{6CA01C82-D657-4404-B776-5C6E29829CF3}.AppStore|x64.Build.0 = Release|Any CPU
		{6CA01C82-D657-4404-B776-5C6E29829CF3}.AppStore|x64.Deploy.0 = Release|Any CPU
		{6CA01C82-D657-4404-B776-5C6E29829CF3}.AppStore|x86.ActiveCfg = Release|Any CPU
		{6CA01C82-D657-4404-B776-5C6E29829CF3}.AppStore|x86.Build.0 = Release|Any CPU
		{6CA01C82-D657-4404-B776-5C6E29829CF3}.AppStore|x86.Deploy.0 = Release|Any CPU
		{6CA01C82-D657-4404-B776-5C6E29829CF3}.Debug|Any CPU.ActiveCfg = Debug|Any CPU
		{6CA01C82-D657-4404-B776-5C6E29829CF3}.Debug|Any CPU.Build.0 = Debug|Any CPU
		{6CA01C82-D657-4404-B776-5C6E29829CF3}.Debug|Any CPU.Deploy.0 = Debug|Any CPU
		{6CA01C82-D657-4404-B776-5C6E29829CF3}.Debug|ARM.ActiveCfg = Debug|Any CPU
		{6CA01C82-D657-4404-B776-5C6E29829CF3}.Debug|ARM.Build.0 = Debug|Any CPU
		{6CA01C82-D657-4404-B776-5C6E29829CF3}.Debug|ARM.Deploy.0 = Debug|Any CPU
		{6CA01C82-D657-4404-B776-5C6E29829CF3}.Debug|iPhone.ActiveCfg = Debug|Any CPU
		{6CA01C82-D657-4404-B776-5C6E29829CF3}.Debug|iPhone.Build.0 = Debug|Any CPU
		{6CA01C82-D657-4404-B776-5C6E29829CF3}.Debug|iPhone.Deploy.0 = Debug|Any CPU
		{6CA01C82-D657-4404-B776-5C6E29829CF3}.Debug|iPhoneSimulator.ActiveCfg = Debug|Any CPU
		{6CA01C82-D657-4404-B776-5C6E29829CF3}.Debug|iPhoneSimulator.Build.0 = Debug|Any CPU
		{6CA01C82-D657-4404-B776-5C6E29829CF3}.Debug|iPhoneSimulator.Deploy.0 = Debug|Any CPU
		{6CA01C82-D657-4404-B776-5C6E29829CF3}.Debug|x64.ActiveCfg = Debug|Any CPU
		{6CA01C82-D657-4404-B776-5C6E29829CF3}.Debug|x64.Build.0 = Debug|Any CPU
		{6CA01C82-D657-4404-B776-5C6E29829CF3}.Debug|x64.Deploy.0 = Debug|Any CPU
		{6CA01C82-D657-4404-B776-5C6E29829CF3}.Debug|x86.ActiveCfg = Debug|Any CPU
		{6CA01C82-D657-4404-B776-5C6E29829CF3}.Debug|x86.Build.0 = Debug|Any CPU
		{6CA01C82-D657-4404-B776-5C6E29829CF3}.Debug|x86.Deploy.0 = Debug|Any CPU
		{6CA01C82-D657-4404-B776-5C6E29829CF3}.Release|Any CPU.ActiveCfg = Release|Any CPU
		{6CA01C82-D657-4404-B776-5C6E29829CF3}.Release|Any CPU.Build.0 = Release|Any CPU
		{6CA01C82-D657-4404-B776-5C6E29829CF3}.Release|Any CPU.Deploy.0 = Release|Any CPU
		{6CA01C82-D657-4404-B776-5C6E29829CF3}.Release|ARM.ActiveCfg = Release|Any CPU
		{6CA01C82-D657-4404-B776-5C6E29829CF3}.Release|ARM.Build.0 = Release|Any CPU
		{6CA01C82-D657-4404-B776-5C6E29829CF3}.Release|ARM.Deploy.0 = Release|Any CPU
		{6CA01C82-D657-4404-B776-5C6E29829CF3}.Release|iPhone.ActiveCfg = Release|Any CPU
		{6CA01C82-D657-4404-B776-5C6E29829CF3}.Release|iPhone.Build.0 = Release|Any CPU
		{6CA01C82-D657-4404-B776-5C6E29829CF3}.Release|iPhone.Deploy.0 = Release|Any CPU
		{6CA01C82-D657-4404-B776-5C6E29829CF3}.Release|iPhoneSimulator.ActiveCfg = Release|Any CPU
		{6CA01C82-D657-4404-B776-5C6E29829CF3}.Release|iPhoneSimulator.Build.0 = Release|Any CPU
		{6CA01C82-D657-4404-B776-5C6E29829CF3}.Release|iPhoneSimulator.Deploy.0 = Release|Any CPU
		{6CA01C82-D657-4404-B776-5C6E29829CF3}.Release|x64.ActiveCfg = Release|Any CPU
		{6CA01C82-D657-4404-B776-5C6E29829CF3}.Release|x64.Build.0 = Release|Any CPU
		{6CA01C82-D657-4404-B776-5C6E29829CF3}.Release|x64.Deploy.0 = Release|Any CPU
		{6CA01C82-D657-4404-B776-5C6E29829CF3}.Release|x86.ActiveCfg = Release|Any CPU
		{6CA01C82-D657-4404-B776-5C6E29829CF3}.Release|x86.Build.0 = Release|Any CPU
		{6CA01C82-D657-4404-B776-5C6E29829CF3}.Release|x86.Deploy.0 = Release|Any CPU
		{DF950668-B9E5-45C1-AAC3-F3FB346D5792}.Ad-Hoc|Any CPU.ActiveCfg = Ad-Hoc|iPhone
		{DF950668-B9E5-45C1-AAC3-F3FB346D5792}.Ad-Hoc|ARM.ActiveCfg = Ad-Hoc|iPhone
		{DF950668-B9E5-45C1-AAC3-F3FB346D5792}.Ad-Hoc|iPhone.ActiveCfg = Ad-Hoc|iPhone
		{DF950668-B9E5-45C1-AAC3-F3FB346D5792}.Ad-Hoc|iPhone.Build.0 = Ad-Hoc|iPhone
		{DF950668-B9E5-45C1-AAC3-F3FB346D5792}.Ad-Hoc|iPhoneSimulator.ActiveCfg = Ad-Hoc|iPhoneSimulator
		{DF950668-B9E5-45C1-AAC3-F3FB346D5792}.Ad-Hoc|iPhoneSimulator.Build.0 = Ad-Hoc|iPhoneSimulator
		{DF950668-B9E5-45C1-AAC3-F3FB346D5792}.Ad-Hoc|x64.ActiveCfg = Ad-Hoc|iPhone
		{DF950668-B9E5-45C1-AAC3-F3FB346D5792}.Ad-Hoc|x86.ActiveCfg = Ad-Hoc|iPhone
		{DF950668-B9E5-45C1-AAC3-F3FB346D5792}.AppStore|Any CPU.ActiveCfg = AppStore|iPhone
		{DF950668-B9E5-45C1-AAC3-F3FB346D5792}.AppStore|ARM.ActiveCfg = AppStore|iPhone
		{DF950668-B9E5-45C1-AAC3-F3FB346D5792}.AppStore|iPhone.ActiveCfg = AppStore|iPhone
		{DF950668-B9E5-45C1-AAC3-F3FB346D5792}.AppStore|iPhone.Build.0 = AppStore|iPhone
		{DF950668-B9E5-45C1-AAC3-F3FB346D5792}.AppStore|iPhoneSimulator.ActiveCfg = AppStore|iPhoneSimulator
		{DF950668-B9E5-45C1-AAC3-F3FB346D5792}.AppStore|iPhoneSimulator.Build.0 = AppStore|iPhoneSimulator
		{DF950668-B9E5-45C1-AAC3-F3FB346D5792}.AppStore|x64.ActiveCfg = AppStore|iPhone
		{DF950668-B9E5-45C1-AAC3-F3FB346D5792}.AppStore|x86.ActiveCfg = AppStore|iPhone
		{DF950668-B9E5-45C1-AAC3-F3FB346D5792}.Debug|Any CPU.ActiveCfg = Debug|iPhone
		{DF950668-B9E5-45C1-AAC3-F3FB346D5792}.Debug|ARM.ActiveCfg = Debug|iPhone
		{DF950668-B9E5-45C1-AAC3-F3FB346D5792}.Debug|iPhone.ActiveCfg = Debug|iPhone
		{DF950668-B9E5-45C1-AAC3-F3FB346D5792}.Debug|iPhone.Build.0 = Debug|iPhone
		{DF950668-B9E5-45C1-AAC3-F3FB346D5792}.Debug|iPhoneSimulator.ActiveCfg = Debug|iPhoneSimulator
		{DF950668-B9E5-45C1-AAC3-F3FB346D5792}.Debug|iPhoneSimulator.Build.0 = Debug|iPhoneSimulator
		{DF950668-B9E5-45C1-AAC3-F3FB346D5792}.Debug|x64.ActiveCfg = Debug|iPhone
		{DF950668-B9E5-45C1-AAC3-F3FB346D5792}.Debug|x86.ActiveCfg = Debug|iPhone
		{DF950668-B9E5-45C1-AAC3-F3FB346D5792}.Release|Any CPU.ActiveCfg = Release|iPhone
		{DF950668-B9E5-45C1-AAC3-F3FB346D5792}.Release|ARM.ActiveCfg = Release|iPhone
		{DF950668-B9E5-45C1-AAC3-F3FB346D5792}.Release|iPhone.ActiveCfg = Release|iPhone
		{DF950668-B9E5-45C1-AAC3-F3FB346D5792}.Release|iPhone.Build.0 = Release|iPhone
		{DF950668-B9E5-45C1-AAC3-F3FB346D5792}.Release|iPhoneSimulator.ActiveCfg = Release|iPhoneSimulator
		{DF950668-B9E5-45C1-AAC3-F3FB346D5792}.Release|iPhoneSimulator.Build.0 = Release|iPhoneSimulator
		{DF950668-B9E5-45C1-AAC3-F3FB346D5792}.Release|x64.ActiveCfg = Release|iPhone
		{DF950668-B9E5-45C1-AAC3-F3FB346D5792}.Release|x86.ActiveCfg = Release|iPhone
		{542EA0C8-EDCA-437D-ACBF-EDE30C4AD5EA}.Ad-Hoc|Any CPU.ActiveCfg = Release|x86
		{542EA0C8-EDCA-437D-ACBF-EDE30C4AD5EA}.Ad-Hoc|Any CPU.Build.0 = Release|x86
		{542EA0C8-EDCA-437D-ACBF-EDE30C4AD5EA}.Ad-Hoc|Any CPU.Deploy.0 = Release|x86
		{542EA0C8-EDCA-437D-ACBF-EDE30C4AD5EA}.Ad-Hoc|ARM.ActiveCfg = Release|ARM
		{542EA0C8-EDCA-437D-ACBF-EDE30C4AD5EA}.Ad-Hoc|ARM.Build.0 = Release|ARM
		{542EA0C8-EDCA-437D-ACBF-EDE30C4AD5EA}.Ad-Hoc|ARM.Deploy.0 = Release|ARM
		{542EA0C8-EDCA-437D-ACBF-EDE30C4AD5EA}.Ad-Hoc|iPhone.ActiveCfg = Release|x86
		{542EA0C8-EDCA-437D-ACBF-EDE30C4AD5EA}.Ad-Hoc|iPhone.Build.0 = Release|x86
		{542EA0C8-EDCA-437D-ACBF-EDE30C4AD5EA}.Ad-Hoc|iPhone.Deploy.0 = Release|x86
		{542EA0C8-EDCA-437D-ACBF-EDE30C4AD5EA}.Ad-Hoc|iPhoneSimulator.ActiveCfg = Release|x86
		{542EA0C8-EDCA-437D-ACBF-EDE30C4AD5EA}.Ad-Hoc|iPhoneSimulator.Build.0 = Release|x86
		{542EA0C8-EDCA-437D-ACBF-EDE30C4AD5EA}.Ad-Hoc|iPhoneSimulator.Deploy.0 = Release|x86
		{542EA0C8-EDCA-437D-ACBF-EDE30C4AD5EA}.Ad-Hoc|x64.ActiveCfg = Release|x64
		{542EA0C8-EDCA-437D-ACBF-EDE30C4AD5EA}.Ad-Hoc|x64.Build.0 = Release|x64
		{542EA0C8-EDCA-437D-ACBF-EDE30C4AD5EA}.Ad-Hoc|x64.Deploy.0 = Release|x64
		{542EA0C8-EDCA-437D-ACBF-EDE30C4AD5EA}.Ad-Hoc|x86.ActiveCfg = Release|x86
		{542EA0C8-EDCA-437D-ACBF-EDE30C4AD5EA}.Ad-Hoc|x86.Build.0 = Release|x86
		{542EA0C8-EDCA-437D-ACBF-EDE30C4AD5EA}.Ad-Hoc|x86.Deploy.0 = Release|x86
		{542EA0C8-EDCA-437D-ACBF-EDE30C4AD5EA}.AppStore|Any CPU.ActiveCfg = Release|x86
		{542EA0C8-EDCA-437D-ACBF-EDE30C4AD5EA}.AppStore|Any CPU.Build.0 = Release|x86
		{542EA0C8-EDCA-437D-ACBF-EDE30C4AD5EA}.AppStore|Any CPU.Deploy.0 = Release|x86
		{542EA0C8-EDCA-437D-ACBF-EDE30C4AD5EA}.AppStore|ARM.ActiveCfg = Release|ARM
		{542EA0C8-EDCA-437D-ACBF-EDE30C4AD5EA}.AppStore|ARM.Build.0 = Release|ARM
		{542EA0C8-EDCA-437D-ACBF-EDE30C4AD5EA}.AppStore|ARM.Deploy.0 = Release|ARM
		{542EA0C8-EDCA-437D-ACBF-EDE30C4AD5EA}.AppStore|iPhone.ActiveCfg = Release|x86
		{542EA0C8-EDCA-437D-ACBF-EDE30C4AD5EA}.AppStore|iPhone.Build.0 = Release|x86
		{542EA0C8-EDCA-437D-ACBF-EDE30C4AD5EA}.AppStore|iPhone.Deploy.0 = Release|x86
		{542EA0C8-EDCA-437D-ACBF-EDE30C4AD5EA}.AppStore|iPhoneSimulator.ActiveCfg = Release|x86
		{542EA0C8-EDCA-437D-ACBF-EDE30C4AD5EA}.AppStore|iPhoneSimulator.Build.0 = Release|x86
		{542EA0C8-EDCA-437D-ACBF-EDE30C4AD5EA}.AppStore|iPhoneSimulator.Deploy.0 = Release|x86
		{542EA0C8-EDCA-437D-ACBF-EDE30C4AD5EA}.AppStore|x64.ActiveCfg = Release|x64
		{542EA0C8-EDCA-437D-ACBF-EDE30C4AD5EA}.AppStore|x64.Build.0 = Release|x64
		{542EA0C8-EDCA-437D-ACBF-EDE30C4AD5EA}.AppStore|x64.Deploy.0 = Release|x64
		{542EA0C8-EDCA-437D-ACBF-EDE30C4AD5EA}.AppStore|x86.ActiveCfg = Release|x86
		{542EA0C8-EDCA-437D-ACBF-EDE30C4AD5EA}.AppStore|x86.Build.0 = Release|x86
		{542EA0C8-EDCA-437D-ACBF-EDE30C4AD5EA}.AppStore|x86.Deploy.0 = Release|x86
		{542EA0C8-EDCA-437D-ACBF-EDE30C4AD5EA}.Debug|Any CPU.ActiveCfg = Debug|x86
		{542EA0C8-EDCA-437D-ACBF-EDE30C4AD5EA}.Debug|ARM.ActiveCfg = Debug|ARM
		{542EA0C8-EDCA-437D-ACBF-EDE30C4AD5EA}.Debug|ARM.Build.0 = Debug|ARM
		{542EA0C8-EDCA-437D-ACBF-EDE30C4AD5EA}.Debug|ARM.Deploy.0 = Debug|ARM
		{542EA0C8-EDCA-437D-ACBF-EDE30C4AD5EA}.Debug|iPhone.ActiveCfg = Debug|x86
		{542EA0C8-EDCA-437D-ACBF-EDE30C4AD5EA}.Debug|iPhoneSimulator.ActiveCfg = Debug|x86
		{542EA0C8-EDCA-437D-ACBF-EDE30C4AD5EA}.Debug|x64.ActiveCfg = Debug|x64
		{542EA0C8-EDCA-437D-ACBF-EDE30C4AD5EA}.Debug|x64.Build.0 = Debug|x64
		{542EA0C8-EDCA-437D-ACBF-EDE30C4AD5EA}.Debug|x64.Deploy.0 = Debug|x64
		{542EA0C8-EDCA-437D-ACBF-EDE30C4AD5EA}.Debug|x86.ActiveCfg = Debug|x86
		{542EA0C8-EDCA-437D-ACBF-EDE30C4AD5EA}.Debug|x86.Build.0 = Debug|x86
		{542EA0C8-EDCA-437D-ACBF-EDE30C4AD5EA}.Debug|x86.Deploy.0 = Debug|x86
		{542EA0C8-EDCA-437D-ACBF-EDE30C4AD5EA}.Release|Any CPU.ActiveCfg = Release|x86
		{542EA0C8-EDCA-437D-ACBF-EDE30C4AD5EA}.Release|ARM.ActiveCfg = Release|ARM
		{542EA0C8-EDCA-437D-ACBF-EDE30C4AD5EA}.Release|ARM.Build.0 = Release|ARM
		{542EA0C8-EDCA-437D-ACBF-EDE30C4AD5EA}.Release|ARM.Deploy.0 = Release|ARM
		{542EA0C8-EDCA-437D-ACBF-EDE30C4AD5EA}.Release|iPhone.ActiveCfg = Release|x86
		{542EA0C8-EDCA-437D-ACBF-EDE30C4AD5EA}.Release|iPhoneSimulator.ActiveCfg = Release|x86
		{542EA0C8-EDCA-437D-ACBF-EDE30C4AD5EA}.Release|x64.ActiveCfg = Release|x64
		{542EA0C8-EDCA-437D-ACBF-EDE30C4AD5EA}.Release|x64.Build.0 = Release|x64
		{542EA0C8-EDCA-437D-ACBF-EDE30C4AD5EA}.Release|x64.Deploy.0 = Release|x64
		{542EA0C8-EDCA-437D-ACBF-EDE30C4AD5EA}.Release|x86.ActiveCfg = Release|x86
		{542EA0C8-EDCA-437D-ACBF-EDE30C4AD5EA}.Release|x86.Build.0 = Release|x86
		{542EA0C8-EDCA-437D-ACBF-EDE30C4AD5EA}.Release|x86.Deploy.0 = Release|x86
	EndGlobalSection
	GlobalSection(SolutionProperties) = preSolution
		HideSolutionNode = FALSE
	EndGlobalSection
	GlobalSection(ExtensibilityGlobals) = postSolution
		SolutionGuid = {A9935FCD-A433-41A0-A6BC-E32DD5E2FF81}
	EndGlobalSection
EndGlobal
